// !$*UTF8*$!
{
	archiveVersion = 1;
	classes = {
	};
	objectVersion = 52;
	objects = {

/* Begin PBXBuildFile section */
		D3E858DD2A6732B300AF2147 /* StringHelpers.swift in Sources */ = {isa = PBXBuildFile; fileRef = D3E858DC2A6732B300AF2147 /* StringHelpers.swift */; };
		D3E858DF2A6732C300AF2147 /* FlutterNull.swift in Sources */ = {isa = PBXBuildFile; fileRef = D3E858DE2A6732C300AF2147 /* FlutterNull.swift */; };
		D3E858E82A67332D00AF2147 /* AsyncExtensions in Frameworks */ = {isa = PBXBuildFile; productRef = D3E858E72A67332D00AF2147 /* AsyncExtensions */; };
		D3E858EB2A67336F00AF2147 /* AnyCodable in Frameworks */ = {isa = PBXBuildFile; productRef = D3E858EA2A67336F00AF2147 /* AnyCodable */; };
		D3E858EE2A67338200AF2147 /* AsyncAlgorithms in Frameworks */ = {isa = PBXBuildFile; productRef = D3E858ED2A67338200AF2147 /* AsyncAlgorithms */; };
		OBJ_336 /* FlutterSwiftError.swift in Sources */ = {isa = PBXBuildFile; fileRef = OBJ_10 /* FlutterSwiftError.swift */; };
		OBJ_337 /* FlutterEnvelope.swift in Sources */ = {isa = PBXBuildFile; fileRef = OBJ_11 /* FlutterEnvelope.swift */; };
		OBJ_338 /* FlutterError.swift in Sources */ = {isa = PBXBuildFile; fileRef = OBJ_12 /* FlutterError.swift */; };
		OBJ_339 /* FlutterBasicMessageChannel.swift in Sources */ = {isa = PBXBuildFile; fileRef = OBJ_14 /* FlutterBasicMessageChannel.swift */; };
		OBJ_340 /* FlutterChannel.swift in Sources */ = {isa = PBXBuildFile; fileRef = OBJ_15 /* FlutterChannel.swift */; };
		OBJ_341 /* FlutterEventChannel.swift in Sources */ = {isa = PBXBuildFile; fileRef = OBJ_16 /* FlutterEventChannel.swift */; };
		OBJ_342 /* FlutterMethodChannel.swift in Sources */ = {isa = PBXBuildFile; fileRef = OBJ_17 /* FlutterMethodChannel.swift */; };
		OBJ_343 /* FlutterBinaryCodec.swift in Sources */ = {isa = PBXBuildFile; fileRef = OBJ_20 /* FlutterBinaryCodec.swift */; };
		OBJ_344 /* FlutterJSONMessageCodec.swift in Sources */ = {isa = PBXBuildFile; fileRef = OBJ_21 /* FlutterJSONMessageCodec.swift */; };
		OBJ_345 /* FlutterMessageCodec.swift in Sources */ = {isa = PBXBuildFile; fileRef = OBJ_22 /* FlutterMessageCodec.swift */; };
		OBJ_346 /* FlutterStandardMessageCodec.swift in Sources */ = {isa = PBXBuildFile; fileRef = OBJ_23 /* FlutterStandardMessageCodec.swift */; };
		OBJ_347 /* FlutterStringCodec.swift in Sources */ = {isa = PBXBuildFile; fileRef = OBJ_24 /* FlutterStringCodec.swift */; };
		OBJ_348 /* FlutterJSONMethodCodec.swift in Sources */ = {isa = PBXBuildFile; fileRef = OBJ_26 /* FlutterJSONMethodCodec.swift */; };
		OBJ_349 /* FlutterMethodCodec.swift in Sources */ = {isa = PBXBuildFile; fileRef = OBJ_27 /* FlutterMethodCodec.swift */; };
		OBJ_350 /* FlutterStandardMethodCodec.swift in Sources */ = {isa = PBXBuildFile; fileRef = OBJ_28 /* FlutterStandardMethodCodec.swift */; };
		OBJ_351 /* KeyedFlutterStandardDecodingContainer.swift in Sources */ = {isa = PBXBuildFile; fileRef = OBJ_32 /* KeyedFlutterStandardDecodingContainer.swift */; };
		OBJ_352 /* SingleValueFlutterStandardDecodingContainer.swift in Sources */ = {isa = PBXBuildFile; fileRef = OBJ_33 /* SingleValueFlutterStandardDecodingContainer.swift */; };
		OBJ_353 /* UnkeyedFlutterStandardDecodingContainer.swift in Sources */ = {isa = PBXBuildFile; fileRef = OBJ_34 /* UnkeyedFlutterStandardDecodingContainer.swift */; };
		OBJ_354 /* FlutterStandardDecoder.swift in Sources */ = {isa = PBXBuildFile; fileRef = OBJ_35 /* FlutterStandardDecoder.swift */; };
		OBJ_355 /* FlutterStandardDecoderImpl.swift in Sources */ = {isa = PBXBuildFile; fileRef = OBJ_36 /* FlutterStandardDecoderImpl.swift */; };
		OBJ_356 /* FlutterStandardDecodingState.swift in Sources */ = {isa = PBXBuildFile; fileRef = OBJ_37 /* FlutterStandardDecodingState.swift */; };
		OBJ_357 /* KeyedFlutterStandardEncodingContainer.swift in Sources */ = {isa = PBXBuildFile; fileRef = OBJ_40 /* KeyedFlutterStandardEncodingContainer.swift */; };
		OBJ_358 /* SingleValueFlutterStandardEncodingContainer.swift in Sources */ = {isa = PBXBuildFile; fileRef = OBJ_41 /* SingleValueFlutterStandardEncodingContainer.swift */; };
		OBJ_359 /* UnkeyedFlutterStandardEncodingContainer.swift in Sources */ = {isa = PBXBuildFile; fileRef = OBJ_42 /* UnkeyedFlutterStandardEncodingContainer.swift */; };
		OBJ_360 /* FlutterStandardEncoder.swift in Sources */ = {isa = PBXBuildFile; fileRef = OBJ_43 /* FlutterStandardEncoder.swift */; };
		OBJ_361 /* FlutterStandardEncoderImpl.swift in Sources */ = {isa = PBXBuildFile; fileRef = OBJ_44 /* FlutterStandardEncoderImpl.swift */; };
		OBJ_362 /* FlutterStandardEncodingState.swift in Sources */ = {isa = PBXBuildFile; fileRef = OBJ_45 /* FlutterStandardEncodingState.swift */; };
		OBJ_363 /* FlutterListRepresentable.swift in Sources */ = {isa = PBXBuildFile; fileRef = OBJ_46 /* FlutterListRepresentable.swift */; };
		OBJ_364 /* FlutterMapRepresentable.swift in Sources */ = {isa = PBXBuildFile; fileRef = OBJ_47 /* FlutterMapRepresentable.swift */; };
		OBJ_365 /* FlutterStandardField.swift in Sources */ = {isa = PBXBuildFile; fileRef = OBJ_48 /* FlutterStandardField.swift */; };
		OBJ_366 /* FlutterBinaryMessenger.swift in Sources */ = {isa = PBXBuildFile; fileRef = OBJ_50 /* FlutterBinaryMessenger.swift */; };
		OBJ_367 /* FlutterDesktopMessenger.swift in Sources */ = {isa = PBXBuildFile; fileRef = OBJ_51 /* FlutterDesktopMessenger.swift */; };
		OBJ_368 /* FlutterPlatformMessenger.swift in Sources */ = {isa = PBXBuildFile; fileRef = OBJ_52 /* FlutterPlatformMessenger.swift */; };
		OBJ_385 /* Package.swift in Sources */ = {isa = PBXBuildFile; fileRef = OBJ_6 /* Package.swift */; };
/* End PBXBuildFile section */

/* Begin PBXFileReference section */
		D3E858DC2A6732B300AF2147 /* StringHelpers.swift */ = {isa = PBXFileReference; fileEncoding = 4; lastKnownFileType = sourcecode.swift; path = StringHelpers.swift; sourceTree = "<group>"; };
		D3E858DE2A6732C300AF2147 /* FlutterNull.swift */ = {isa = PBXFileReference; fileEncoding = 4; lastKnownFileType = sourcecode.swift; path = FlutterNull.swift; sourceTree = "<group>"; };
		OBJ_10 /* FlutterSwiftError.swift */ = {isa = PBXFileReference; lastKnownFileType = sourcecode.swift; path = FlutterSwiftError.swift; sourceTree = "<group>"; };
		OBJ_100 /* AsyncDebounceSequence.swift */ = {isa = PBXFileReference; lastKnownFileType = sourcecode.swift; path = AsyncDebounceSequence.swift; sourceTree = "<group>"; };
		OBJ_101 /* DebounceStateMachine.swift */ = {isa = PBXFileReference; lastKnownFileType = sourcecode.swift; path = DebounceStateMachine.swift; sourceTree = "<group>"; };
		OBJ_102 /* DebounceStorage.swift */ = {isa = PBXFileReference; lastKnownFileType = sourcecode.swift; path = DebounceStorage.swift; sourceTree = "<group>"; };
		OBJ_103 /* Dictionary.swift */ = {isa = PBXFileReference; lastKnownFileType = sourcecode.swift; path = Dictionary.swift; sourceTree = "<group>"; };
		OBJ_104 /* Locking.swift */ = {isa = PBXFileReference; lastKnownFileType = sourcecode.swift; path = Locking.swift; sourceTree = "<group>"; };
		OBJ_106 /* AsyncMerge2Sequence.swift */ = {isa = PBXFileReference; lastKnownFileType = sourcecode.swift; path = AsyncMerge2Sequence.swift; sourceTree = "<group>"; };
		OBJ_107 /* AsyncMerge3Sequence.swift */ = {isa = PBXFileReference; lastKnownFileType = sourcecode.swift; path = AsyncMerge3Sequence.swift; sourceTree = "<group>"; };
		OBJ_108 /* MergeStateMachine.swift */ = {isa = PBXFileReference; lastKnownFileType = sourcecode.swift; path = MergeStateMachine.swift; sourceTree = "<group>"; };
		OBJ_109 /* MergeStorage.swift */ = {isa = PBXFileReference; lastKnownFileType = sourcecode.swift; path = MergeStorage.swift; sourceTree = "<group>"; };
		OBJ_11 /* FlutterEnvelope.swift */ = {isa = PBXFileReference; lastKnownFileType = sourcecode.swift; path = FlutterEnvelope.swift; sourceTree = "<group>"; };
		OBJ_110 /* PartialIteration.swift */ = {isa = PBXFileReference; lastKnownFileType = sourcecode.swift; path = PartialIteration.swift; sourceTree = "<group>"; };
		OBJ_111 /* RangeReplaceableCollection.swift */ = {isa = PBXFileReference; lastKnownFileType = sourcecode.swift; path = RangeReplaceableCollection.swift; sourceTree = "<group>"; };
		OBJ_112 /* Rethrow.swift */ = {isa = PBXFileReference; lastKnownFileType = sourcecode.swift; path = Rethrow.swift; sourceTree = "<group>"; };
		OBJ_113 /* SetAlgebra.swift */ = {isa = PBXFileReference; lastKnownFileType = sourcecode.swift; path = SetAlgebra.swift; sourceTree = "<group>"; };
		OBJ_115 /* AsyncZip2Sequence.swift */ = {isa = PBXFileReference; lastKnownFileType = sourcecode.swift; path = AsyncZip2Sequence.swift; sourceTree = "<group>"; };
		OBJ_116 /* AsyncZip3Sequence.swift */ = {isa = PBXFileReference; lastKnownFileType = sourcecode.swift; path = AsyncZip3Sequence.swift; sourceTree = "<group>"; };
		OBJ_117 /* ZipStateMachine.swift */ = {isa = PBXFileReference; lastKnownFileType = sourcecode.swift; path = ZipStateMachine.swift; sourceTree = "<group>"; };
		OBJ_118 /* ZipStorage.swift */ = {isa = PBXFileReference; lastKnownFileType = sourcecode.swift; path = ZipStorage.swift; sourceTree = "<group>"; };
		OBJ_12 /* FlutterError.swift */ = {isa = PBXFileReference; lastKnownFileType = sourcecode.swift; path = FlutterError.swift; sourceTree = "<group>"; };
		OBJ_122 /* Package.swift */ = {isa = PBXFileReference; explicitFileType = sourcecode.swift; name = Package.swift; path = "/Users/lukeh/CVSRoot/padl/FlutterSwift/.build/checkouts/swift-async-algorithms/Package.swift"; sourceTree = "<group>"; };
		OBJ_125 /* Collections.swift */ = {isa = PBXFileReference; lastKnownFileType = sourcecode.swift; path = Collections.swift; sourceTree = "<group>"; };
		OBJ_127 /* Compatibility.swift */ = {isa = PBXFileReference; lastKnownFileType = sourcecode.swift; path = Compatibility.swift; sourceTree = "<group>"; };
		OBJ_128 /* Deque+Codable.swift */ = {isa = PBXFileReference; lastKnownFileType = sourcecode.swift; path = "Deque+Codable.swift"; sourceTree = "<group>"; };
		OBJ_129 /* Deque+Collection.swift */ = {isa = PBXFileReference; lastKnownFileType = sourcecode.swift; path = "Deque+Collection.swift"; sourceTree = "<group>"; };
		OBJ_130 /* Deque+CustomDebugStringConvertible.swift */ = {isa = PBXFileReference; lastKnownFileType = sourcecode.swift; path = "Deque+CustomDebugStringConvertible.swift"; sourceTree = "<group>"; };
		OBJ_131 /* Deque+CustomReflectable.swift */ = {isa = PBXFileReference; lastKnownFileType = sourcecode.swift; path = "Deque+CustomReflectable.swift"; sourceTree = "<group>"; };
		OBJ_132 /* Deque+CustomStringConvertible.swift */ = {isa = PBXFileReference; lastKnownFileType = sourcecode.swift; path = "Deque+CustomStringConvertible.swift"; sourceTree = "<group>"; };
		OBJ_133 /* Deque+Equatable.swift */ = {isa = PBXFileReference; lastKnownFileType = sourcecode.swift; path = "Deque+Equatable.swift"; sourceTree = "<group>"; };
		OBJ_134 /* Deque+ExpressibleByArrayLiteral.swift */ = {isa = PBXFileReference; lastKnownFileType = sourcecode.swift; path = "Deque+ExpressibleByArrayLiteral.swift"; sourceTree = "<group>"; };
		OBJ_135 /* Deque+Extras.swift */ = {isa = PBXFileReference; lastKnownFileType = sourcecode.swift; path = "Deque+Extras.swift"; sourceTree = "<group>"; };
		OBJ_136 /* Deque+Hashable.swift */ = {isa = PBXFileReference; lastKnownFileType = sourcecode.swift; path = "Deque+Hashable.swift"; sourceTree = "<group>"; };
		OBJ_137 /* Deque+Testing.swift */ = {isa = PBXFileReference; lastKnownFileType = sourcecode.swift; path = "Deque+Testing.swift"; sourceTree = "<group>"; };
		OBJ_138 /* Deque._Storage.swift */ = {isa = PBXFileReference; lastKnownFileType = sourcecode.swift; path = Deque._Storage.swift; sourceTree = "<group>"; };
		OBJ_139 /* Deque._UnsafeHandle.swift */ = {isa = PBXFileReference; lastKnownFileType = sourcecode.swift; path = Deque._UnsafeHandle.swift; sourceTree = "<group>"; };
		OBJ_14 /* FlutterBasicMessageChannel.swift */ = {isa = PBXFileReference; lastKnownFileType = sourcecode.swift; path = FlutterBasicMessageChannel.swift; sourceTree = "<group>"; };
		OBJ_140 /* Deque.swift */ = {isa = PBXFileReference; lastKnownFileType = sourcecode.swift; path = Deque.swift; sourceTree = "<group>"; };
		OBJ_141 /* UnsafeMutableBufferPointer+Utilities.swift */ = {isa = PBXFileReference; lastKnownFileType = sourcecode.swift; path = "UnsafeMutableBufferPointer+Utilities.swift"; sourceTree = "<group>"; };
		OBJ_142 /* _DequeBuffer.swift */ = {isa = PBXFileReference; lastKnownFileType = sourcecode.swift; path = _DequeBuffer.swift; sourceTree = "<group>"; };
		OBJ_143 /* _DequeBufferHeader.swift */ = {isa = PBXFileReference; lastKnownFileType = sourcecode.swift; path = _DequeBufferHeader.swift; sourceTree = "<group>"; };
		OBJ_144 /* _DequeSlot.swift */ = {isa = PBXFileReference; lastKnownFileType = sourcecode.swift; path = _DequeSlot.swift; sourceTree = "<group>"; };
		OBJ_145 /* _UnsafeWrappedBuffer.swift */ = {isa = PBXFileReference; lastKnownFileType = sourcecode.swift; path = _UnsafeWrappedBuffer.swift; sourceTree = "<group>"; };
		OBJ_148 /* _HashTable+Bucket.swift */ = {isa = PBXFileReference; lastKnownFileType = sourcecode.swift; path = "_HashTable+Bucket.swift"; sourceTree = "<group>"; };
		OBJ_149 /* _HashTable+BucketIterator.swift */ = {isa = PBXFileReference; lastKnownFileType = sourcecode.swift; path = "_HashTable+BucketIterator.swift"; sourceTree = "<group>"; };
		OBJ_15 /* FlutterChannel.swift */ = {isa = PBXFileReference; lastKnownFileType = sourcecode.swift; path = FlutterChannel.swift; sourceTree = "<group>"; };
		OBJ_150 /* _HashTable+Constants.swift */ = {isa = PBXFileReference; lastKnownFileType = sourcecode.swift; path = "_HashTable+Constants.swift"; sourceTree = "<group>"; };
		OBJ_151 /* _HashTable+CustomStringConvertible.swift */ = {isa = PBXFileReference; lastKnownFileType = sourcecode.swift; path = "_HashTable+CustomStringConvertible.swift"; sourceTree = "<group>"; };
		OBJ_152 /* _HashTable+Testing.swift */ = {isa = PBXFileReference; lastKnownFileType = sourcecode.swift; path = "_HashTable+Testing.swift"; sourceTree = "<group>"; };
		OBJ_153 /* _HashTable+UnsafeHandle.swift */ = {isa = PBXFileReference; lastKnownFileType = sourcecode.swift; path = "_HashTable+UnsafeHandle.swift"; sourceTree = "<group>"; };
		OBJ_154 /* _HashTable.swift */ = {isa = PBXFileReference; lastKnownFileType = sourcecode.swift; path = _HashTable.swift; sourceTree = "<group>"; };
		OBJ_155 /* _Hashtable+Header.swift */ = {isa = PBXFileReference; lastKnownFileType = sourcecode.swift; path = "_Hashtable+Header.swift"; sourceTree = "<group>"; };
		OBJ_157 /* OrderedDictionary+Codable.swift */ = {isa = PBXFileReference; lastKnownFileType = sourcecode.swift; path = "OrderedDictionary+Codable.swift"; sourceTree = "<group>"; };
		OBJ_158 /* OrderedDictionary+CustomDebugStringConvertible.swift */ = {isa = PBXFileReference; lastKnownFileType = sourcecode.swift; path = "OrderedDictionary+CustomDebugStringConvertible.swift"; sourceTree = "<group>"; };
		OBJ_159 /* OrderedDictionary+CustomReflectable.swift */ = {isa = PBXFileReference; lastKnownFileType = sourcecode.swift; path = "OrderedDictionary+CustomReflectable.swift"; sourceTree = "<group>"; };
		OBJ_16 /* FlutterEventChannel.swift */ = {isa = PBXFileReference; lastKnownFileType = sourcecode.swift; path = FlutterEventChannel.swift; sourceTree = "<group>"; };
		OBJ_160 /* OrderedDictionary+CustomStringConvertible.swift */ = {isa = PBXFileReference; lastKnownFileType = sourcecode.swift; path = "OrderedDictionary+CustomStringConvertible.swift"; sourceTree = "<group>"; };
		OBJ_161 /* OrderedDictionary+Deprecations.swift */ = {isa = PBXFileReference; lastKnownFileType = sourcecode.swift; path = "OrderedDictionary+Deprecations.swift"; sourceTree = "<group>"; };
		OBJ_162 /* OrderedDictionary+Elements+SubSequence.swift */ = {isa = PBXFileReference; lastKnownFileType = sourcecode.swift; path = "OrderedDictionary+Elements+SubSequence.swift"; sourceTree = "<group>"; };
		OBJ_163 /* OrderedDictionary+Elements.swift */ = {isa = PBXFileReference; lastKnownFileType = sourcecode.swift; path = "OrderedDictionary+Elements.swift"; sourceTree = "<group>"; };
		OBJ_164 /* OrderedDictionary+Equatable.swift */ = {isa = PBXFileReference; lastKnownFileType = sourcecode.swift; path = "OrderedDictionary+Equatable.swift"; sourceTree = "<group>"; };
		OBJ_165 /* OrderedDictionary+ExpressibleByDictionaryLiteral.swift */ = {isa = PBXFileReference; lastKnownFileType = sourcecode.swift; path = "OrderedDictionary+ExpressibleByDictionaryLiteral.swift"; sourceTree = "<group>"; };
		OBJ_166 /* OrderedDictionary+Hashable.swift */ = {isa = PBXFileReference; lastKnownFileType = sourcecode.swift; path = "OrderedDictionary+Hashable.swift"; sourceTree = "<group>"; };
		OBJ_167 /* OrderedDictionary+Initializers.swift */ = {isa = PBXFileReference; lastKnownFileType = sourcecode.swift; path = "OrderedDictionary+Initializers.swift"; sourceTree = "<group>"; };
		OBJ_168 /* OrderedDictionary+Invariants.swift */ = {isa = PBXFileReference; lastKnownFileType = sourcecode.swift; path = "OrderedDictionary+Invariants.swift"; sourceTree = "<group>"; };
		OBJ_169 /* OrderedDictionary+Partial MutableCollection.swift */ = {isa = PBXFileReference; lastKnownFileType = sourcecode.swift; path = "OrderedDictionary+Partial MutableCollection.swift"; sourceTree = "<group>"; };
		OBJ_17 /* FlutterMethodChannel.swift */ = {isa = PBXFileReference; lastKnownFileType = sourcecode.swift; path = FlutterMethodChannel.swift; sourceTree = "<group>"; };
		OBJ_170 /* OrderedDictionary+Partial RangeReplaceableCollection.swift */ = {isa = PBXFileReference; lastKnownFileType = sourcecode.swift; path = "OrderedDictionary+Partial RangeReplaceableCollection.swift"; sourceTree = "<group>"; };
		OBJ_171 /* OrderedDictionary+Sequence.swift */ = {isa = PBXFileReference; lastKnownFileType = sourcecode.swift; path = "OrderedDictionary+Sequence.swift"; sourceTree = "<group>"; };
		OBJ_172 /* OrderedDictionary+Values.swift */ = {isa = PBXFileReference; lastKnownFileType = sourcecode.swift; path = "OrderedDictionary+Values.swift"; sourceTree = "<group>"; };
		OBJ_173 /* OrderedDictionary.swift */ = {isa = PBXFileReference; lastKnownFileType = sourcecode.swift; path = OrderedDictionary.swift; sourceTree = "<group>"; };
		OBJ_175 /* OrderedSet+Codable.swift */ = {isa = PBXFileReference; lastKnownFileType = sourcecode.swift; path = "OrderedSet+Codable.swift"; sourceTree = "<group>"; };
		OBJ_176 /* OrderedSet+CustomDebugStringConvertible.swift */ = {isa = PBXFileReference; lastKnownFileType = sourcecode.swift; path = "OrderedSet+CustomDebugStringConvertible.swift"; sourceTree = "<group>"; };
		OBJ_177 /* OrderedSet+CustomReflectable.swift */ = {isa = PBXFileReference; lastKnownFileType = sourcecode.swift; path = "OrderedSet+CustomReflectable.swift"; sourceTree = "<group>"; };
		OBJ_178 /* OrderedSet+CustomStringConvertible.swift */ = {isa = PBXFileReference; lastKnownFileType = sourcecode.swift; path = "OrderedSet+CustomStringConvertible.swift"; sourceTree = "<group>"; };
		OBJ_179 /* OrderedSet+Diffing.swift */ = {isa = PBXFileReference; lastKnownFileType = sourcecode.swift; path = "OrderedSet+Diffing.swift"; sourceTree = "<group>"; };
		OBJ_180 /* OrderedSet+Equatable.swift */ = {isa = PBXFileReference; lastKnownFileType = sourcecode.swift; path = "OrderedSet+Equatable.swift"; sourceTree = "<group>"; };
		OBJ_181 /* OrderedSet+ExpressibleByArrayLiteral.swift */ = {isa = PBXFileReference; lastKnownFileType = sourcecode.swift; path = "OrderedSet+ExpressibleByArrayLiteral.swift"; sourceTree = "<group>"; };
		OBJ_182 /* OrderedSet+Hashable.swift */ = {isa = PBXFileReference; lastKnownFileType = sourcecode.swift; path = "OrderedSet+Hashable.swift"; sourceTree = "<group>"; };
		OBJ_183 /* OrderedSet+Initializers.swift */ = {isa = PBXFileReference; lastKnownFileType = sourcecode.swift; path = "OrderedSet+Initializers.swift"; sourceTree = "<group>"; };
		OBJ_184 /* OrderedSet+Insertions.swift */ = {isa = PBXFileReference; lastKnownFileType = sourcecode.swift; path = "OrderedSet+Insertions.swift"; sourceTree = "<group>"; };
		OBJ_185 /* OrderedSet+Invariants.swift */ = {isa = PBXFileReference; lastKnownFileType = sourcecode.swift; path = "OrderedSet+Invariants.swift"; sourceTree = "<group>"; };
		OBJ_186 /* OrderedSet+Partial MutableCollection.swift */ = {isa = PBXFileReference; lastKnownFileType = sourcecode.swift; path = "OrderedSet+Partial MutableCollection.swift"; sourceTree = "<group>"; };
		OBJ_187 /* OrderedSet+Partial RangeReplaceableCollection.swift */ = {isa = PBXFileReference; lastKnownFileType = sourcecode.swift; path = "OrderedSet+Partial RangeReplaceableCollection.swift"; sourceTree = "<group>"; };
		OBJ_188 /* OrderedSet+Partial SetAlgebra+Basics.swift */ = {isa = PBXFileReference; lastKnownFileType = sourcecode.swift; path = "OrderedSet+Partial SetAlgebra+Basics.swift"; sourceTree = "<group>"; };
		OBJ_189 /* OrderedSet+Partial SetAlgebra+Operations.swift */ = {isa = PBXFileReference; lastKnownFileType = sourcecode.swift; path = "OrderedSet+Partial SetAlgebra+Operations.swift"; sourceTree = "<group>"; };
		OBJ_190 /* OrderedSet+Partial SetAlgebra+Predicates.swift */ = {isa = PBXFileReference; lastKnownFileType = sourcecode.swift; path = "OrderedSet+Partial SetAlgebra+Predicates.swift"; sourceTree = "<group>"; };
		OBJ_191 /* OrderedSet+RandomAccessCollection.swift */ = {isa = PBXFileReference; lastKnownFileType = sourcecode.swift; path = "OrderedSet+RandomAccessCollection.swift"; sourceTree = "<group>"; };
		OBJ_192 /* OrderedSet+ReserveCapacity.swift */ = {isa = PBXFileReference; lastKnownFileType = sourcecode.swift; path = "OrderedSet+ReserveCapacity.swift"; sourceTree = "<group>"; };
		OBJ_193 /* OrderedSet+SubSequence.swift */ = {isa = PBXFileReference; lastKnownFileType = sourcecode.swift; path = "OrderedSet+SubSequence.swift"; sourceTree = "<group>"; };
		OBJ_194 /* OrderedSet+Testing.swift */ = {isa = PBXFileReference; lastKnownFileType = sourcecode.swift; path = "OrderedSet+Testing.swift"; sourceTree = "<group>"; };
		OBJ_195 /* OrderedSet+UnorderedView.swift */ = {isa = PBXFileReference; lastKnownFileType = sourcecode.swift; path = "OrderedSet+UnorderedView.swift"; sourceTree = "<group>"; };
		OBJ_196 /* OrderedSet+UnstableInternals.swift */ = {isa = PBXFileReference; lastKnownFileType = sourcecode.swift; path = "OrderedSet+UnstableInternals.swift"; sourceTree = "<group>"; };
		OBJ_197 /* OrderedSet.swift */ = {isa = PBXFileReference; lastKnownFileType = sourcecode.swift; path = OrderedSet.swift; sourceTree = "<group>"; };
		OBJ_199 /* RandomAccessCollection+Offsets.swift */ = {isa = PBXFileReference; lastKnownFileType = sourcecode.swift; path = "RandomAccessCollection+Offsets.swift"; sourceTree = "<group>"; };
		OBJ_20 /* FlutterBinaryCodec.swift */ = {isa = PBXFileReference; lastKnownFileType = sourcecode.swift; path = FlutterBinaryCodec.swift; sourceTree = "<group>"; };
		OBJ_200 /* _UnsafeBitset.swift */ = {isa = PBXFileReference; lastKnownFileType = sourcecode.swift; path = _UnsafeBitset.swift; sourceTree = "<group>"; };
		OBJ_201 /* Package.swift */ = {isa = PBXFileReference; explicitFileType = sourcecode.swift; name = Package.swift; path = "/Users/lukeh/CVSRoot/padl/FlutterSwift/.build/checkouts/swift-collections/Package.swift"; sourceTree = "<group>"; };
		OBJ_209 /* LICENSE.md */ = {isa = PBXFileReference; lastKnownFileType = net.daringfireball.markdown; path = LICENSE.md; sourceTree = "<group>"; };
		OBJ_21 /* FlutterJSONMessageCodec.swift */ = {isa = PBXFileReference; lastKnownFileType = sourcecode.swift; path = FlutterJSONMessageCodec.swift; sourceTree = "<group>"; };
		OBJ_210 /* README.md */ = {isa = PBXFileReference; lastKnownFileType = net.daringfireball.markdown; path = README.md; sourceTree = "<group>"; };
		OBJ_22 /* FlutterMessageCodec.swift */ = {isa = PBXFileReference; lastKnownFileType = sourcecode.swift; path = FlutterMessageCodec.swift; sourceTree = "<group>"; };
		OBJ_23 /* FlutterStandardMessageCodec.swift */ = {isa = PBXFileReference; lastKnownFileType = sourcecode.swift; path = FlutterStandardMessageCodec.swift; sourceTree = "<group>"; };
		OBJ_24 /* FlutterStringCodec.swift */ = {isa = PBXFileReference; lastKnownFileType = sourcecode.swift; path = FlutterStringCodec.swift; sourceTree = "<group>"; };
		OBJ_26 /* FlutterJSONMethodCodec.swift */ = {isa = PBXFileReference; lastKnownFileType = sourcecode.swift; path = FlutterJSONMethodCodec.swift; sourceTree = "<group>"; };
		OBJ_27 /* FlutterMethodCodec.swift */ = {isa = PBXFileReference; lastKnownFileType = sourcecode.swift; path = FlutterMethodCodec.swift; sourceTree = "<group>"; };
		OBJ_28 /* FlutterStandardMethodCodec.swift */ = {isa = PBXFileReference; lastKnownFileType = sourcecode.swift; path = FlutterStandardMethodCodec.swift; sourceTree = "<group>"; };
		OBJ_32 /* KeyedFlutterStandardDecodingContainer.swift */ = {isa = PBXFileReference; lastKnownFileType = sourcecode.swift; path = KeyedFlutterStandardDecodingContainer.swift; sourceTree = "<group>"; };
		OBJ_33 /* SingleValueFlutterStandardDecodingContainer.swift */ = {isa = PBXFileReference; lastKnownFileType = sourcecode.swift; path = SingleValueFlutterStandardDecodingContainer.swift; sourceTree = "<group>"; };
		OBJ_34 /* UnkeyedFlutterStandardDecodingContainer.swift */ = {isa = PBXFileReference; lastKnownFileType = sourcecode.swift; path = UnkeyedFlutterStandardDecodingContainer.swift; sourceTree = "<group>"; };
		OBJ_35 /* FlutterStandardDecoder.swift */ = {isa = PBXFileReference; lastKnownFileType = sourcecode.swift; path = FlutterStandardDecoder.swift; sourceTree = "<group>"; };
		OBJ_36 /* FlutterStandardDecoderImpl.swift */ = {isa = PBXFileReference; lastKnownFileType = sourcecode.swift; path = FlutterStandardDecoderImpl.swift; sourceTree = "<group>"; };
		OBJ_37 /* FlutterStandardDecodingState.swift */ = {isa = PBXFileReference; lastKnownFileType = sourcecode.swift; path = FlutterStandardDecodingState.swift; sourceTree = "<group>"; };
		OBJ_40 /* KeyedFlutterStandardEncodingContainer.swift */ = {isa = PBXFileReference; lastKnownFileType = sourcecode.swift; path = KeyedFlutterStandardEncodingContainer.swift; sourceTree = "<group>"; };
		OBJ_41 /* SingleValueFlutterStandardEncodingContainer.swift */ = {isa = PBXFileReference; lastKnownFileType = sourcecode.swift; path = SingleValueFlutterStandardEncodingContainer.swift; sourceTree = "<group>"; };
		OBJ_42 /* UnkeyedFlutterStandardEncodingContainer.swift */ = {isa = PBXFileReference; lastKnownFileType = sourcecode.swift; path = UnkeyedFlutterStandardEncodingContainer.swift; sourceTree = "<group>"; };
		OBJ_43 /* FlutterStandardEncoder.swift */ = {isa = PBXFileReference; lastKnownFileType = sourcecode.swift; path = FlutterStandardEncoder.swift; sourceTree = "<group>"; };
		OBJ_44 /* FlutterStandardEncoderImpl.swift */ = {isa = PBXFileReference; lastKnownFileType = sourcecode.swift; path = FlutterStandardEncoderImpl.swift; sourceTree = "<group>"; };
		OBJ_45 /* FlutterStandardEncodingState.swift */ = {isa = PBXFileReference; lastKnownFileType = sourcecode.swift; path = FlutterStandardEncodingState.swift; sourceTree = "<group>"; };
		OBJ_46 /* FlutterListRepresentable.swift */ = {isa = PBXFileReference; lastKnownFileType = sourcecode.swift; path = FlutterListRepresentable.swift; sourceTree = "<group>"; };
		OBJ_47 /* FlutterMapRepresentable.swift */ = {isa = PBXFileReference; lastKnownFileType = sourcecode.swift; path = FlutterMapRepresentable.swift; sourceTree = "<group>"; };
		OBJ_48 /* FlutterStandardField.swift */ = {isa = PBXFileReference; lastKnownFileType = sourcecode.swift; path = FlutterStandardField.swift; sourceTree = "<group>"; };
		OBJ_50 /* FlutterBinaryMessenger.swift */ = {isa = PBXFileReference; lastKnownFileType = sourcecode.swift; path = FlutterBinaryMessenger.swift; sourceTree = "<group>"; };
		OBJ_51 /* FlutterDesktopMessenger.swift */ = {isa = PBXFileReference; lastKnownFileType = sourcecode.swift; path = FlutterDesktopMessenger.swift; sourceTree = "<group>"; };
		OBJ_52 /* FlutterPlatformMessenger.swift */ = {isa = PBXFileReference; lastKnownFileType = sourcecode.swift; path = FlutterPlatformMessenger.swift; sourceTree = "<group>"; };
		OBJ_57 /* AnyCodable.swift */ = {isa = PBXFileReference; lastKnownFileType = sourcecode.swift; path = AnyCodable.swift; sourceTree = "<group>"; };
		OBJ_58 /* AnyDecodable.swift */ = {isa = PBXFileReference; lastKnownFileType = sourcecode.swift; path = AnyDecodable.swift; sourceTree = "<group>"; };
		OBJ_59 /* AnyEncodable.swift */ = {isa = PBXFileReference; lastKnownFileType = sourcecode.swift; path = AnyEncodable.swift; sourceTree = "<group>"; };
		OBJ_6 /* Package.swift */ = {isa = PBXFileReference; explicitFileType = sourcecode.swift; path = Package.swift; sourceTree = "<group>"; };
		OBJ_60 /* Package.swift */ = {isa = PBXFileReference; explicitFileType = sourcecode.swift; name = Package.swift; path = /Users/lukeh/CVSRoot/padl/FlutterSwift/.build/checkouts/AnyCodable/Package.swift; sourceTree = "<group>"; };
		OBJ_63 /* AsyncAdjacentPairsSequence.swift */ = {isa = PBXFileReference; lastKnownFileType = sourcecode.swift; path = AsyncAdjacentPairsSequence.swift; sourceTree = "<group>"; };
		OBJ_64 /* AsyncBufferedByteIterator.swift */ = {isa = PBXFileReference; lastKnownFileType = sourcecode.swift; path = AsyncBufferedByteIterator.swift; sourceTree = "<group>"; };
		OBJ_65 /* AsyncChain2Sequence.swift */ = {isa = PBXFileReference; lastKnownFileType = sourcecode.swift; path = AsyncChain2Sequence.swift; sourceTree = "<group>"; };
		OBJ_66 /* AsyncChain3Sequence.swift */ = {isa = PBXFileReference; lastKnownFileType = sourcecode.swift; path = AsyncChain3Sequence.swift; sourceTree = "<group>"; };
		OBJ_67 /* AsyncChunkedByGroupSequence.swift */ = {isa = PBXFileReference; lastKnownFileType = sourcecode.swift; path = AsyncChunkedByGroupSequence.swift; sourceTree = "<group>"; };
		OBJ_68 /* AsyncChunkedOnProjectionSequence.swift */ = {isa = PBXFileReference; lastKnownFileType = sourcecode.swift; path = AsyncChunkedOnProjectionSequence.swift; sourceTree = "<group>"; };
		OBJ_69 /* AsyncChunksOfCountOrSignalSequence.swift */ = {isa = PBXFileReference; lastKnownFileType = sourcecode.swift; path = AsyncChunksOfCountOrSignalSequence.swift; sourceTree = "<group>"; };
		OBJ_70 /* AsyncChunksOfCountSequence.swift */ = {isa = PBXFileReference; lastKnownFileType = sourcecode.swift; path = AsyncChunksOfCountSequence.swift; sourceTree = "<group>"; };
		OBJ_71 /* AsyncCompactedSequence.swift */ = {isa = PBXFileReference; lastKnownFileType = sourcecode.swift; path = AsyncCompactedSequence.swift; sourceTree = "<group>"; };
		OBJ_72 /* AsyncExclusiveReductionsSequence.swift */ = {isa = PBXFileReference; lastKnownFileType = sourcecode.swift; path = AsyncExclusiveReductionsSequence.swift; sourceTree = "<group>"; };
		OBJ_73 /* AsyncInclusiveReductionsSequence.swift */ = {isa = PBXFileReference; lastKnownFileType = sourcecode.swift; path = AsyncInclusiveReductionsSequence.swift; sourceTree = "<group>"; };
		OBJ_74 /* AsyncInterspersedSequence.swift */ = {isa = PBXFileReference; lastKnownFileType = sourcecode.swift; path = AsyncInterspersedSequence.swift; sourceTree = "<group>"; };
		OBJ_75 /* AsyncJoinedBySeparatorSequence.swift */ = {isa = PBXFileReference; lastKnownFileType = sourcecode.swift; path = AsyncJoinedBySeparatorSequence.swift; sourceTree = "<group>"; };
		OBJ_76 /* AsyncJoinedSequence.swift */ = {isa = PBXFileReference; lastKnownFileType = sourcecode.swift; path = AsyncJoinedSequence.swift; sourceTree = "<group>"; };
		OBJ_77 /* AsyncRemoveDuplicatesSequence.swift */ = {isa = PBXFileReference; lastKnownFileType = sourcecode.swift; path = AsyncRemoveDuplicatesSequence.swift; sourceTree = "<group>"; };
		OBJ_78 /* AsyncSyncSequence.swift */ = {isa = PBXFileReference; lastKnownFileType = sourcecode.swift; path = AsyncSyncSequence.swift; sourceTree = "<group>"; };
		OBJ_79 /* AsyncThrottleSequence.swift */ = {isa = PBXFileReference; lastKnownFileType = sourcecode.swift; path = AsyncThrottleSequence.swift; sourceTree = "<group>"; };
		OBJ_80 /* AsyncThrowingExclusiveReductionsSequence.swift */ = {isa = PBXFileReference; lastKnownFileType = sourcecode.swift; path = AsyncThrowingExclusiveReductionsSequence.swift; sourceTree = "<group>"; };
		OBJ_81 /* AsyncThrowingInclusiveReductionsSequence.swift */ = {isa = PBXFileReference; lastKnownFileType = sourcecode.swift; path = AsyncThrowingInclusiveReductionsSequence.swift; sourceTree = "<group>"; };
		OBJ_82 /* AsyncTimerSequence.swift */ = {isa = PBXFileReference; lastKnownFileType = sourcecode.swift; path = AsyncTimerSequence.swift; sourceTree = "<group>"; };
		OBJ_84 /* AsyncBufferSequence.swift */ = {isa = PBXFileReference; lastKnownFileType = sourcecode.swift; path = AsyncBufferSequence.swift; sourceTree = "<group>"; };
		OBJ_85 /* BoundedBufferStateMachine.swift */ = {isa = PBXFileReference; lastKnownFileType = sourcecode.swift; path = BoundedBufferStateMachine.swift; sourceTree = "<group>"; };
		OBJ_86 /* BoundedBufferStorage.swift */ = {isa = PBXFileReference; lastKnownFileType = sourcecode.swift; path = BoundedBufferStorage.swift; sourceTree = "<group>"; };
		OBJ_87 /* UnboundedBufferStateMachine.swift */ = {isa = PBXFileReference; lastKnownFileType = sourcecode.swift; path = UnboundedBufferStateMachine.swift; sourceTree = "<group>"; };
		OBJ_88 /* UnboundedBufferStorage.swift */ = {isa = PBXFileReference; lastKnownFileType = sourcecode.swift; path = UnboundedBufferStorage.swift; sourceTree = "<group>"; };
		OBJ_90 /* AsyncChannel.swift */ = {isa = PBXFileReference; lastKnownFileType = sourcecode.swift; path = AsyncChannel.swift; sourceTree = "<group>"; };
		OBJ_91 /* AsyncThrowingChannel.swift */ = {isa = PBXFileReference; lastKnownFileType = sourcecode.swift; path = AsyncThrowingChannel.swift; sourceTree = "<group>"; };
		OBJ_92 /* ChannelStateMachine.swift */ = {isa = PBXFileReference; lastKnownFileType = sourcecode.swift; path = ChannelStateMachine.swift; sourceTree = "<group>"; };
		OBJ_93 /* ChannelStorage.swift */ = {isa = PBXFileReference; lastKnownFileType = sourcecode.swift; path = ChannelStorage.swift; sourceTree = "<group>"; };
		OBJ_95 /* AsyncCombineLatest2Sequence.swift */ = {isa = PBXFileReference; lastKnownFileType = sourcecode.swift; path = AsyncCombineLatest2Sequence.swift; sourceTree = "<group>"; };
		OBJ_96 /* AsyncCombineLatest3Sequence.swift */ = {isa = PBXFileReference; lastKnownFileType = sourcecode.swift; path = AsyncCombineLatest3Sequence.swift; sourceTree = "<group>"; };
		OBJ_97 /* CombineLatestStateMachine.swift */ = {isa = PBXFileReference; lastKnownFileType = sourcecode.swift; path = CombineLatestStateMachine.swift; sourceTree = "<group>"; };
		OBJ_98 /* CombineLatestStorage.swift */ = {isa = PBXFileReference; lastKnownFileType = sourcecode.swift; path = CombineLatestStorage.swift; sourceTree = "<group>"; };
		"flutterswift::FlutterSwift::Product" /* FlutterSwift.framework */ = {isa = PBXFileReference; lastKnownFileType = wrapper.framework; path = FlutterSwift.framework; sourceTree = BUILT_PRODUCTS_DIR; };
/* End PBXFileReference section */

/* Begin PBXFrameworksBuildPhase section */
		OBJ_369 /* Frameworks */ = {
			isa = PBXFrameworksBuildPhase;
			buildActionMask = 0;
			files = (
				D3E858EB2A67336F00AF2147 /* AnyCodable in Frameworks */,
				D3E858E82A67332D00AF2147 /* AsyncExtensions in Frameworks */,
				D3E858EE2A67338200AF2147 /* AsyncAlgorithms in Frameworks */,
			);
			runOnlyForDeploymentPostprocessing = 0;
		};
/* End PBXFrameworksBuildPhase section */

/* Begin PBXGroup section */
		OBJ_105 /* Merge */ = {
			isa = PBXGroup;
			children = (
				OBJ_106 /* AsyncMerge2Sequence.swift */,
				OBJ_107 /* AsyncMerge3Sequence.swift */,
				OBJ_108 /* MergeStateMachine.swift */,
				OBJ_109 /* MergeStorage.swift */,
			);
			path = Merge;
			sourceTree = "<group>";
		};
		OBJ_114 /* Zip */ = {
			isa = PBXGroup;
			children = (
				OBJ_115 /* AsyncZip2Sequence.swift */,
				OBJ_116 /* AsyncZip3Sequence.swift */,
				OBJ_117 /* ZipStateMachine.swift */,
				OBJ_118 /* ZipStorage.swift */,
			);
			path = Zip;
			sourceTree = "<group>";
		};
		OBJ_119 /* AsyncAlgorithms_XCTest */ = {
			isa = PBXGroup;
			children = (
			);
			name = AsyncAlgorithms_XCTest;
			path = ".build/checkouts/swift-async-algorithms/Sources/AsyncAlgorithms_XCTest";
			sourceTree = SOURCE_ROOT;
		};
		OBJ_120 /* AsyncSequenceValidation */ = {
			isa = PBXGroup;
			children = (
			);
			name = AsyncSequenceValidation;
			path = ".build/checkouts/swift-async-algorithms/Sources/AsyncSequenceValidation";
			sourceTree = SOURCE_ROOT;
		};
		OBJ_121 /* _CAsyncSequenceValidationSupport */ = {
			isa = PBXGroup;
			children = (
			);
			name = _CAsyncSequenceValidationSupport;
			path = ".build/checkouts/swift-async-algorithms/Sources/_CAsyncSequenceValidationSupport";
			sourceTree = SOURCE_ROOT;
		};
		OBJ_123 /* swift-collections 1.0.4 */ = {
			isa = PBXGroup;
			children = (
				OBJ_124 /* Collections */,
				OBJ_126 /* DequeModule */,
				OBJ_146 /* OrderedCollections */,
				OBJ_201 /* Package.swift */,
			);
			name = "swift-collections 1.0.4";
			sourceTree = SOURCE_ROOT;
		};
		OBJ_124 /* Collections */ = {
			isa = PBXGroup;
			children = (
				OBJ_125 /* Collections.swift */,
			);
			name = Collections;
			path = ".build/checkouts/swift-collections/Sources/Collections";
			sourceTree = SOURCE_ROOT;
		};
		OBJ_126 /* DequeModule */ = {
			isa = PBXGroup;
			children = (
				OBJ_127 /* Compatibility.swift */,
				OBJ_128 /* Deque+Codable.swift */,
				OBJ_129 /* Deque+Collection.swift */,
				OBJ_130 /* Deque+CustomDebugStringConvertible.swift */,
				OBJ_131 /* Deque+CustomReflectable.swift */,
				OBJ_132 /* Deque+CustomStringConvertible.swift */,
				OBJ_133 /* Deque+Equatable.swift */,
				OBJ_134 /* Deque+ExpressibleByArrayLiteral.swift */,
				OBJ_135 /* Deque+Extras.swift */,
				OBJ_136 /* Deque+Hashable.swift */,
				OBJ_137 /* Deque+Testing.swift */,
				OBJ_138 /* Deque._Storage.swift */,
				OBJ_139 /* Deque._UnsafeHandle.swift */,
				OBJ_140 /* Deque.swift */,
				OBJ_141 /* UnsafeMutableBufferPointer+Utilities.swift */,
				OBJ_142 /* _DequeBuffer.swift */,
				OBJ_143 /* _DequeBufferHeader.swift */,
				OBJ_144 /* _DequeSlot.swift */,
				OBJ_145 /* _UnsafeWrappedBuffer.swift */,
			);
			name = DequeModule;
			path = ".build/checkouts/swift-collections/Sources/DequeModule";
			sourceTree = SOURCE_ROOT;
		};
		OBJ_13 /* Channel */ = {
			isa = PBXGroup;
			children = (
				OBJ_14 /* FlutterBasicMessageChannel.swift */,
				OBJ_15 /* FlutterChannel.swift */,
				OBJ_16 /* FlutterEventChannel.swift */,
				OBJ_17 /* FlutterMethodChannel.swift */,
			);
			path = Channel;
			sourceTree = "<group>";
		};
		OBJ_146 /* OrderedCollections */ = {
			isa = PBXGroup;
			children = (
				OBJ_147 /* HashTable */,
				OBJ_156 /* OrderedDictionary */,
				OBJ_174 /* OrderedSet */,
				OBJ_198 /* Utilities */,
			);
			name = OrderedCollections;
			path = ".build/checkouts/swift-collections/Sources/OrderedCollections";
			sourceTree = SOURCE_ROOT;
		};
		OBJ_147 /* HashTable */ = {
			isa = PBXGroup;
			children = (
				OBJ_148 /* _HashTable+Bucket.swift */,
				OBJ_149 /* _HashTable+BucketIterator.swift */,
				OBJ_150 /* _HashTable+Constants.swift */,
				OBJ_151 /* _HashTable+CustomStringConvertible.swift */,
				OBJ_152 /* _HashTable+Testing.swift */,
				OBJ_153 /* _HashTable+UnsafeHandle.swift */,
				OBJ_154 /* _HashTable.swift */,
				OBJ_155 /* _Hashtable+Header.swift */,
			);
			path = HashTable;
			sourceTree = "<group>";
		};
		OBJ_156 /* OrderedDictionary */ = {
			isa = PBXGroup;
			children = (
				OBJ_157 /* OrderedDictionary+Codable.swift */,
				OBJ_158 /* OrderedDictionary+CustomDebugStringConvertible.swift */,
				OBJ_159 /* OrderedDictionary+CustomReflectable.swift */,
				OBJ_160 /* OrderedDictionary+CustomStringConvertible.swift */,
				OBJ_161 /* OrderedDictionary+Deprecations.swift */,
				OBJ_162 /* OrderedDictionary+Elements+SubSequence.swift */,
				OBJ_163 /* OrderedDictionary+Elements.swift */,
				OBJ_164 /* OrderedDictionary+Equatable.swift */,
				OBJ_165 /* OrderedDictionary+ExpressibleByDictionaryLiteral.swift */,
				OBJ_166 /* OrderedDictionary+Hashable.swift */,
				OBJ_167 /* OrderedDictionary+Initializers.swift */,
				OBJ_168 /* OrderedDictionary+Invariants.swift */,
				OBJ_169 /* OrderedDictionary+Partial MutableCollection.swift */,
				OBJ_170 /* OrderedDictionary+Partial RangeReplaceableCollection.swift */,
				OBJ_171 /* OrderedDictionary+Sequence.swift */,
				OBJ_172 /* OrderedDictionary+Values.swift */,
				OBJ_173 /* OrderedDictionary.swift */,
			);
			path = OrderedDictionary;
			sourceTree = "<group>";
		};
		OBJ_174 /* OrderedSet */ = {
			isa = PBXGroup;
			children = (
				OBJ_175 /* OrderedSet+Codable.swift */,
				OBJ_176 /* OrderedSet+CustomDebugStringConvertible.swift */,
				OBJ_177 /* OrderedSet+CustomReflectable.swift */,
				OBJ_178 /* OrderedSet+CustomStringConvertible.swift */,
				OBJ_179 /* OrderedSet+Diffing.swift */,
				OBJ_180 /* OrderedSet+Equatable.swift */,
				OBJ_181 /* OrderedSet+ExpressibleByArrayLiteral.swift */,
				OBJ_182 /* OrderedSet+Hashable.swift */,
				OBJ_183 /* OrderedSet+Initializers.swift */,
				OBJ_184 /* OrderedSet+Insertions.swift */,
				OBJ_185 /* OrderedSet+Invariants.swift */,
				OBJ_186 /* OrderedSet+Partial MutableCollection.swift */,
				OBJ_187 /* OrderedSet+Partial RangeReplaceableCollection.swift */,
				OBJ_188 /* OrderedSet+Partial SetAlgebra+Basics.swift */,
				OBJ_189 /* OrderedSet+Partial SetAlgebra+Operations.swift */,
				OBJ_190 /* OrderedSet+Partial SetAlgebra+Predicates.swift */,
				OBJ_191 /* OrderedSet+RandomAccessCollection.swift */,
				OBJ_192 /* OrderedSet+ReserveCapacity.swift */,
				OBJ_193 /* OrderedSet+SubSequence.swift */,
				OBJ_194 /* OrderedSet+Testing.swift */,
				OBJ_195 /* OrderedSet+UnorderedView.swift */,
				OBJ_196 /* OrderedSet+UnstableInternals.swift */,
				OBJ_197 /* OrderedSet.swift */,
			);
			path = OrderedSet;
			sourceTree = "<group>";
		};
		OBJ_18 /* Codecs */ = {
			isa = PBXGroup;
			children = (
				OBJ_19 /* Message */,
				OBJ_25 /* Method */,
				OBJ_29 /* Standard */,
			);
			path = Codecs;
			sourceTree = "<group>";
		};
		OBJ_19 /* Message */ = {
			isa = PBXGroup;
			children = (
				OBJ_20 /* FlutterBinaryCodec.swift */,
				OBJ_21 /* FlutterJSONMessageCodec.swift */,
				OBJ_22 /* FlutterMessageCodec.swift */,
				OBJ_23 /* FlutterStandardMessageCodec.swift */,
				OBJ_24 /* FlutterStringCodec.swift */,
			);
			path = Message;
			sourceTree = "<group>";
		};
		OBJ_198 /* Utilities */ = {
			isa = PBXGroup;
			children = (
				OBJ_199 /* RandomAccessCollection+Offsets.swift */,
				OBJ_200 /* _UnsafeBitset.swift */,
			);
			path = Utilities;
			sourceTree = "<group>";
		};
		OBJ_202 /* Products */ = {
			isa = PBXGroup;
			children = (
				"flutterswift::FlutterSwift::Product" /* FlutterSwift.framework */,
			);
			name = Products;
			sourceTree = BUILT_PRODUCTS_DIR;
		};
		OBJ_25 /* Method */ = {
			isa = PBXGroup;
			children = (
				OBJ_26 /* FlutterJSONMethodCodec.swift */,
				OBJ_27 /* FlutterMethodCodec.swift */,
				OBJ_28 /* FlutterStandardMethodCodec.swift */,
			);
			path = Method;
			sourceTree = "<group>";
		};
		OBJ_29 /* Standard */ = {
			isa = PBXGroup;
			children = (
				OBJ_30 /* Decoder */,
				OBJ_38 /* Encoder */,
				OBJ_46 /* FlutterListRepresentable.swift */,
				OBJ_47 /* FlutterMapRepresentable.swift */,
				OBJ_48 /* FlutterStandardField.swift */,
			);
			path = Standard;
			sourceTree = "<group>";
		};
		OBJ_30 /* Decoder */ = {
			isa = PBXGroup;
			children = (
				OBJ_31 /* Container */,
				OBJ_35 /* FlutterStandardDecoder.swift */,
				OBJ_36 /* FlutterStandardDecoderImpl.swift */,
				OBJ_37 /* FlutterStandardDecodingState.swift */,
			);
			path = Decoder;
			sourceTree = "<group>";
		};
		OBJ_31 /* Container */ = {
			isa = PBXGroup;
			children = (
				OBJ_32 /* KeyedFlutterStandardDecodingContainer.swift */,
				OBJ_33 /* SingleValueFlutterStandardDecodingContainer.swift */,
				OBJ_34 /* UnkeyedFlutterStandardDecodingContainer.swift */,
			);
			path = Container;
			sourceTree = "<group>";
		};
		OBJ_38 /* Encoder */ = {
			isa = PBXGroup;
			children = (
				OBJ_39 /* Container */,
				OBJ_43 /* FlutterStandardEncoder.swift */,
				OBJ_44 /* FlutterStandardEncoderImpl.swift */,
				OBJ_45 /* FlutterStandardEncodingState.swift */,
			);
			path = Encoder;
			sourceTree = "<group>";
		};
		OBJ_39 /* Container */ = {
			isa = PBXGroup;
			children = (
				OBJ_40 /* KeyedFlutterStandardEncodingContainer.swift */,
				OBJ_41 /* SingleValueFlutterStandardEncodingContainer.swift */,
				OBJ_42 /* UnkeyedFlutterStandardEncodingContainer.swift */,
			);
			path = Container;
			sourceTree = "<group>";
		};
		OBJ_49 /* Messenger */ = {
			isa = PBXGroup;
			children = (
				OBJ_50 /* FlutterBinaryMessenger.swift */,
				OBJ_51 /* FlutterDesktopMessenger.swift */,
				OBJ_52 /* FlutterPlatformMessenger.swift */,
			);
			path = Messenger;
			sourceTree = "<group>";
		};
		OBJ_5 = {
			isa = PBXGroup;
			children = (
				OBJ_6 /* Package.swift */,
				OBJ_7 /* Sources */,
				OBJ_53 /* Tests */,
				OBJ_54 /* Dependencies */,
				OBJ_202 /* Products */,
				OBJ_209 /* LICENSE.md */,
				OBJ_210 /* README.md */,
			);
			sourceTree = "<group>";
		};
		OBJ_53 /* Tests */ = {
			isa = PBXGroup;
			children = (
			);
			name = Tests;
			sourceTree = SOURCE_ROOT;
		};
		OBJ_54 /* Dependencies */ = {
			isa = PBXGroup;
			children = (
				OBJ_55 /* AnyCodable 0.6.7 */,
				OBJ_61 /* AsyncAlgorithms 0.1.0 */,
				OBJ_123 /* swift-collections 1.0.4 */,
			);
			name = Dependencies;
			sourceTree = "<group>";
		};
		OBJ_55 /* AnyCodable 0.6.7 */ = {
			isa = PBXGroup;
			children = (
				OBJ_56 /* AnyCodable */,
				OBJ_60 /* Package.swift */,
			);
			name = "AnyCodable 0.6.7";
			sourceTree = SOURCE_ROOT;
		};
		OBJ_56 /* AnyCodable */ = {
			isa = PBXGroup;
			children = (
				OBJ_57 /* AnyCodable.swift */,
				OBJ_58 /* AnyDecodable.swift */,
				OBJ_59 /* AnyEncodable.swift */,
			);
			name = AnyCodable;
			path = .build/checkouts/AnyCodable/Sources/AnyCodable;
			sourceTree = SOURCE_ROOT;
		};
		OBJ_61 /* AsyncAlgorithms 0.1.0 */ = {
			isa = PBXGroup;
			children = (
				OBJ_62 /* AsyncAlgorithms */,
				OBJ_119 /* AsyncAlgorithms_XCTest */,
				OBJ_120 /* AsyncSequenceValidation */,
				OBJ_121 /* _CAsyncSequenceValidationSupport */,
				OBJ_122 /* Package.swift */,
			);
			name = "AsyncAlgorithms 0.1.0";
			sourceTree = SOURCE_ROOT;
		};
		OBJ_62 /* AsyncAlgorithms */ = {
			isa = PBXGroup;
			children = (
				OBJ_63 /* AsyncAdjacentPairsSequence.swift */,
				OBJ_64 /* AsyncBufferedByteIterator.swift */,
				OBJ_65 /* AsyncChain2Sequence.swift */,
				OBJ_66 /* AsyncChain3Sequence.swift */,
				OBJ_67 /* AsyncChunkedByGroupSequence.swift */,
				OBJ_68 /* AsyncChunkedOnProjectionSequence.swift */,
				OBJ_69 /* AsyncChunksOfCountOrSignalSequence.swift */,
				OBJ_70 /* AsyncChunksOfCountSequence.swift */,
				OBJ_71 /* AsyncCompactedSequence.swift */,
				OBJ_72 /* AsyncExclusiveReductionsSequence.swift */,
				OBJ_73 /* AsyncInclusiveReductionsSequence.swift */,
				OBJ_74 /* AsyncInterspersedSequence.swift */,
				OBJ_75 /* AsyncJoinedBySeparatorSequence.swift */,
				OBJ_76 /* AsyncJoinedSequence.swift */,
				OBJ_77 /* AsyncRemoveDuplicatesSequence.swift */,
				OBJ_78 /* AsyncSyncSequence.swift */,
				OBJ_79 /* AsyncThrottleSequence.swift */,
				OBJ_80 /* AsyncThrowingExclusiveReductionsSequence.swift */,
				OBJ_81 /* AsyncThrowingInclusiveReductionsSequence.swift */,
				OBJ_82 /* AsyncTimerSequence.swift */,
				OBJ_83 /* Buffer */,
				OBJ_89 /* Channels */,
				OBJ_94 /* CombineLatest */,
				OBJ_99 /* Debounce */,
				OBJ_103 /* Dictionary.swift */,
				OBJ_104 /* Locking.swift */,
				OBJ_105 /* Merge */,
				OBJ_110 /* PartialIteration.swift */,
				OBJ_111 /* RangeReplaceableCollection.swift */,
				OBJ_112 /* Rethrow.swift */,
				OBJ_113 /* SetAlgebra.swift */,
				OBJ_114 /* Zip */,
			);
			name = AsyncAlgorithms;
			path = ".build/checkouts/swift-async-algorithms/Sources/AsyncAlgorithms";
			sourceTree = SOURCE_ROOT;
		};
		OBJ_7 /* Sources */ = {
			isa = PBXGroup;
			children = (
				OBJ_8 /* FlutterSwift */,
			);
			name = Sources;
			sourceTree = SOURCE_ROOT;
		};
		OBJ_8 /* FlutterSwift */ = {
			isa = PBXGroup;
			children = (
				OBJ_9 /* Base */,
				OBJ_13 /* Channel */,
				OBJ_18 /* Codecs */,
				OBJ_49 /* Messenger */,
			);
			name = FlutterSwift;
			path = Sources/FlutterSwift;
			sourceTree = SOURCE_ROOT;
		};
		OBJ_83 /* Buffer */ = {
			isa = PBXGroup;
			children = (
				OBJ_84 /* AsyncBufferSequence.swift */,
				OBJ_85 /* BoundedBufferStateMachine.swift */,
				OBJ_86 /* BoundedBufferStorage.swift */,
				OBJ_87 /* UnboundedBufferStateMachine.swift */,
				OBJ_88 /* UnboundedBufferStorage.swift */,
			);
			path = Buffer;
			sourceTree = "<group>";
		};
		OBJ_89 /* Channels */ = {
			isa = PBXGroup;
			children = (
				OBJ_90 /* AsyncChannel.swift */,
				OBJ_91 /* AsyncThrowingChannel.swift */,
				OBJ_92 /* ChannelStateMachine.swift */,
				OBJ_93 /* ChannelStorage.swift */,
			);
			path = Channels;
			sourceTree = "<group>";
		};
		OBJ_9 /* Base */ = {
			isa = PBXGroup;
			children = (
				D3E858DE2A6732C300AF2147 /* FlutterNull.swift */,
				D3E858DC2A6732B300AF2147 /* StringHelpers.swift */,
				OBJ_10 /* FlutterSwiftError.swift */,
				OBJ_11 /* FlutterEnvelope.swift */,
				OBJ_12 /* FlutterError.swift */,
			);
			path = Base;
			sourceTree = "<group>";
		};
		OBJ_94 /* CombineLatest */ = {
			isa = PBXGroup;
			children = (
				OBJ_95 /* AsyncCombineLatest2Sequence.swift */,
				OBJ_96 /* AsyncCombineLatest3Sequence.swift */,
				OBJ_97 /* CombineLatestStateMachine.swift */,
				OBJ_98 /* CombineLatestStorage.swift */,
			);
			path = CombineLatest;
			sourceTree = "<group>";
		};
		OBJ_99 /* Debounce */ = {
			isa = PBXGroup;
			children = (
				OBJ_100 /* AsyncDebounceSequence.swift */,
				OBJ_101 /* DebounceStateMachine.swift */,
				OBJ_102 /* DebounceStorage.swift */,
			);
			path = Debounce;
			sourceTree = "<group>";
		};
/* End PBXGroup section */

/* Begin PBXNativeTarget section */
		"flutterswift::FlutterSwift" /* FlutterSwift */ = {
			isa = PBXNativeTarget;
			buildConfigurationList = OBJ_332 /* Build configuration list for PBXNativeTarget "FlutterSwift" */;
			buildPhases = (
				OBJ_335 /* Sources */,
				OBJ_369 /* Frameworks */,
			);
			buildRules = (
			);
			dependencies = (
			);
			name = FlutterSwift;
			packageProductDependencies = (
				D3E858E72A67332D00AF2147 /* AsyncExtensions */,
				D3E858EA2A67336F00AF2147 /* AnyCodable */,
				D3E858ED2A67338200AF2147 /* AsyncAlgorithms */,
			);
			productName = FlutterSwift;
			productReference = "flutterswift::FlutterSwift::Product" /* FlutterSwift.framework */;
			productType = "com.apple.product-type.framework";
		};
		"flutterswift::SwiftPMPackageDescription" /* FlutterSwiftPackageDescription */ = {
			isa = PBXNativeTarget;
			buildConfigurationList = OBJ_381 /* Build configuration list for PBXNativeTarget "FlutterSwiftPackageDescription" */;
			buildPhases = (
				OBJ_384 /* Sources */,
			);
			buildRules = (
			);
			dependencies = (
			);
			name = FlutterSwiftPackageDescription;
			productName = FlutterSwiftPackageDescription;
			productType = "com.apple.product-type.framework";
		};
/* End PBXNativeTarget section */

/* Begin PBXProject section */
		OBJ_1 /* Project object */ = {
			isa = PBXProject;
			attributes = {
				LastSwiftMigration = 9999;
				LastUpgradeCheck = 9999;
			};
			buildConfigurationList = OBJ_2 /* Build configuration list for PBXProject "FlutterSwift" */;
			compatibilityVersion = "Xcode 3.2";
			developmentRegion = en;
			hasScannedForEncodings = 0;
			knownRegions = (
				en,
			);
			mainGroup = OBJ_5;
			packageReferences = (
				D3E858E62A67332D00AF2147 /* XCRemoteSwiftPackageReference "AsyncExtensions" */,
				D3E858E92A67336F00AF2147 /* XCRemoteSwiftPackageReference "AnyCodable" */,
				D3E858EC2A67338200AF2147 /* XCRemoteSwiftPackageReference "swift-async-algorithms" */,
			);
			productRefGroup = OBJ_202 /* Products */;
			projectDirPath = "";
			projectRoot = "";
			targets = (
				"flutterswift::FlutterSwift" /* FlutterSwift */,
				"flutterswift::SwiftPMPackageDescription" /* FlutterSwiftPackageDescription */,
			);
		};
/* End PBXProject section */

/* Begin PBXSourcesBuildPhase section */
		OBJ_335 /* Sources */ = {
			isa = PBXSourcesBuildPhase;
			buildActionMask = 0;
			files = (
				OBJ_336 /* FlutterSwiftError.swift in Sources */,
				OBJ_337 /* FlutterEnvelope.swift in Sources */,
				OBJ_338 /* FlutterError.swift in Sources */,
				OBJ_339 /* FlutterBasicMessageChannel.swift in Sources */,
				OBJ_340 /* FlutterChannel.swift in Sources */,
				OBJ_341 /* FlutterEventChannel.swift in Sources */,
				OBJ_342 /* FlutterMethodChannel.swift in Sources */,
				OBJ_343 /* FlutterBinaryCodec.swift in Sources */,
				OBJ_344 /* FlutterJSONMessageCodec.swift in Sources */,
				OBJ_345 /* FlutterMessageCodec.swift in Sources */,
				OBJ_346 /* FlutterStandardMessageCodec.swift in Sources */,
				OBJ_347 /* FlutterStringCodec.swift in Sources */,
				OBJ_348 /* FlutterJSONMethodCodec.swift in Sources */,
				OBJ_349 /* FlutterMethodCodec.swift in Sources */,
				OBJ_350 /* FlutterStandardMethodCodec.swift in Sources */,
				OBJ_351 /* KeyedFlutterStandardDecodingContainer.swift in Sources */,
				OBJ_352 /* SingleValueFlutterStandardDecodingContainer.swift in Sources */,
				D3E858DF2A6732C300AF2147 /* FlutterNull.swift in Sources */,
				OBJ_353 /* UnkeyedFlutterStandardDecodingContainer.swift in Sources */,
				OBJ_354 /* FlutterStandardDecoder.swift in Sources */,
				OBJ_355 /* FlutterStandardDecoderImpl.swift in Sources */,
				OBJ_356 /* FlutterStandardDecodingState.swift in Sources */,
				OBJ_357 /* KeyedFlutterStandardEncodingContainer.swift in Sources */,
				OBJ_358 /* SingleValueFlutterStandardEncodingContainer.swift in Sources */,
				OBJ_359 /* UnkeyedFlutterStandardEncodingContainer.swift in Sources */,
				OBJ_360 /* FlutterStandardEncoder.swift in Sources */,
				OBJ_361 /* FlutterStandardEncoderImpl.swift in Sources */,
				OBJ_362 /* FlutterStandardEncodingState.swift in Sources */,
				OBJ_363 /* FlutterListRepresentable.swift in Sources */,
				OBJ_364 /* FlutterMapRepresentable.swift in Sources */,
				OBJ_365 /* FlutterStandardField.swift in Sources */,
				D3E858DD2A6732B300AF2147 /* StringHelpers.swift in Sources */,
				OBJ_366 /* FlutterBinaryMessenger.swift in Sources */,
				OBJ_367 /* FlutterDesktopMessenger.swift in Sources */,
				OBJ_368 /* FlutterPlatformMessenger.swift in Sources */,
			);
			runOnlyForDeploymentPostprocessing = 0;
		};
		OBJ_384 /* Sources */ = {
			isa = PBXSourcesBuildPhase;
			buildActionMask = 0;
			files = (
				OBJ_385 /* Package.swift in Sources */,
			);
			runOnlyForDeploymentPostprocessing = 0;
		};
/* End PBXSourcesBuildPhase section */

/* Begin XCBuildConfiguration section */
		OBJ_3 /* Debug */ = {
			isa = XCBuildConfiguration;
			buildSettings = {
				CLANG_ENABLE_OBJC_ARC = YES;
				COMBINE_HIDPI_IMAGES = YES;
				COPY_PHASE_STRIP = NO;
				DEBUG_INFORMATION_FORMAT = dwarf;
				DYLIB_INSTALL_NAME_BASE = "@rpath";
				ENABLE_NS_ASSERTIONS = YES;
				GCC_OPTIMIZATION_LEVEL = 0;
				GCC_PREPROCESSOR_DEFINITIONS = (
					"$(inherited)",
					"SWIFT_PACKAGE=1",
					"DEBUG=1",
				);
				MACOSX_DEPLOYMENT_TARGET = 10.10;
				ONLY_ACTIVE_ARCH = YES;
				OTHER_SWIFT_FLAGS = "$(inherited) -DXcode";
				PRODUCT_NAME = "$(TARGET_NAME)";
				SDKROOT = macosx;
				SUPPORTED_PLATFORMS = "$(AVAILABLE_PLATFORMS)";
				SUPPORTS_MACCATALYST = YES;
				SWIFT_ACTIVE_COMPILATION_CONDITIONS = "$(inherited) SWIFT_PACKAGE DEBUG";
				SWIFT_OPTIMIZATION_LEVEL = "-Onone";
				USE_HEADERMAP = NO;
			};
			name = Debug;
		};
		OBJ_333 /* Debug */ = {
			isa = XCBuildConfiguration;
			buildSettings = {
				CURRENT_PROJECT_VERSION = 1;
				DRIVERKIT_DEPLOYMENT_TARGET = 19.0;
				ENABLE_TESTABILITY = YES;
				FRAMEWORK_SEARCH_PATHS = (
					"$(inherited)",
					"$(PLATFORM_DIR)/Developer/Library/Frameworks",
				);
				HEADER_SEARCH_PATHS = "$(inherited)";
				INFOPLIST_FILE = FlutterSwift.xcodeproj/FlutterSwift_Info.plist;
				IPHONEOS_DEPLOYMENT_TARGET = 11.0;
				LD_RUNPATH_SEARCH_PATHS = (
					"$(inherited)",
					"$(TOOLCHAIN_DIR)/usr/lib/swift/macosx",
				);
				MACOSX_DEPLOYMENT_TARGET = 10.15;
				OTHER_CFLAGS = "$(inherited)";
				OTHER_LDFLAGS = (
					"$(inherited)",
					"-Xlinker",
					"-F",
					"-Xlinker",
					"/opt/flutter/bin/cache/artifacts/engine/darwin-x64-release",
					"-framework",
					FlutterMacOS,
				);
				OTHER_SWIFT_FLAGS = "$(inherited)";
				PRODUCT_BUNDLE_IDENTIFIER = FlutterSwift;
				PRODUCT_MODULE_NAME = "$(TARGET_NAME:c99extidentifier)";
				PRODUCT_NAME = "$(TARGET_NAME:c99extidentifier)";
				SKIP_INSTALL = YES;
				SWIFT_ACTIVE_COMPILATION_CONDITIONS = "$(inherited)";
				SWIFT_VERSION = 5.0;
				TARGET_NAME = FlutterSwift;
				TVOS_DEPLOYMENT_TARGET = 11.0;
				WATCHOS_DEPLOYMENT_TARGET = 4.0;
			};
			name = Debug;
		};
		OBJ_334 /* Release */ = {
			isa = XCBuildConfiguration;
			buildSettings = {
				CURRENT_PROJECT_VERSION = 1;
				DRIVERKIT_DEPLOYMENT_TARGET = 19.0;
				ENABLE_TESTABILITY = YES;
				FRAMEWORK_SEARCH_PATHS = (
					"$(inherited)",
					"$(PLATFORM_DIR)/Developer/Library/Frameworks",
				);
				HEADER_SEARCH_PATHS = "$(inherited)";
				INFOPLIST_FILE = FlutterSwift.xcodeproj/FlutterSwift_Info.plist;
				IPHONEOS_DEPLOYMENT_TARGET = 11.0;
				LD_RUNPATH_SEARCH_PATHS = (
					"$(inherited)",
					"$(TOOLCHAIN_DIR)/usr/lib/swift/macosx",
				);
				MACOSX_DEPLOYMENT_TARGET = 10.15;
				OTHER_CFLAGS = "$(inherited)";
				OTHER_LDFLAGS = (
					"$(inherited)",
					"-Xlinker",
					"-F",
					"-Xlinker",
					"/opt/flutter/bin/cache/artifacts/engine/darwin-x64-release",
					"-framework",
					FlutterMacOS,
				);
				OTHER_SWIFT_FLAGS = "$(inherited)";
				PRODUCT_BUNDLE_IDENTIFIER = FlutterSwift;
				PRODUCT_MODULE_NAME = "$(TARGET_NAME:c99extidentifier)";
				PRODUCT_NAME = "$(TARGET_NAME:c99extidentifier)";
				SKIP_INSTALL = YES;
				SWIFT_ACTIVE_COMPILATION_CONDITIONS = "$(inherited)";
				SWIFT_VERSION = 5.0;
				TARGET_NAME = FlutterSwift;
				TVOS_DEPLOYMENT_TARGET = 11.0;
				WATCHOS_DEPLOYMENT_TARGET = 4.0;
			};
			name = Release;
		};
		OBJ_382 /* Debug */ = {
			isa = XCBuildConfiguration;
			buildSettings = {
				LD = /usr/bin/true;
				OTHER_SWIFT_FLAGS = "-swift-version 5 -I $(TOOLCHAIN_DIR)/usr/lib/swift/pm/ManifestAPI -sdk /Applications/Xcode.app/Contents/Developer/Platforms/MacOSX.platform/Developer/SDKs/MacOSX13.1.sdk -package-description-version 5.5.0";
				SWIFT_VERSION = 5.0;
			};
			name = Debug;
		};
		OBJ_383 /* Release */ = {
			isa = XCBuildConfiguration;
			buildSettings = {
				LD = /usr/bin/true;
				OTHER_SWIFT_FLAGS = "-swift-version 5 -I $(TOOLCHAIN_DIR)/usr/lib/swift/pm/ManifestAPI -sdk /Applications/Xcode.app/Contents/Developer/Platforms/MacOSX.platform/Developer/SDKs/MacOSX13.1.sdk -package-description-version 5.5.0";
				SWIFT_VERSION = 5.0;
			};
			name = Release;
		};
		OBJ_4 /* Release */ = {
			isa = XCBuildConfiguration;
			buildSettings = {
				CLANG_ENABLE_OBJC_ARC = YES;
				COMBINE_HIDPI_IMAGES = YES;
				COPY_PHASE_STRIP = YES;
				DEBUG_INFORMATION_FORMAT = "dwarf-with-dsym";
				DYLIB_INSTALL_NAME_BASE = "@rpath";
				GCC_OPTIMIZATION_LEVEL = s;
				GCC_PREPROCESSOR_DEFINITIONS = (
					"$(inherited)",
					"SWIFT_PACKAGE=1",
				);
				MACOSX_DEPLOYMENT_TARGET = 10.10;
				OTHER_SWIFT_FLAGS = "$(inherited) -DXcode";
				PRODUCT_NAME = "$(TARGET_NAME)";
				SDKROOT = macosx;
				SUPPORTED_PLATFORMS = "$(AVAILABLE_PLATFORMS)";
				SUPPORTS_MACCATALYST = YES;
				SWIFT_ACTIVE_COMPILATION_CONDITIONS = "$(inherited) SWIFT_PACKAGE";
				SWIFT_COMPILATION_MODE = wholemodule;
				SWIFT_OPTIMIZATION_LEVEL = "-O";
				USE_HEADERMAP = NO;
			};
			name = Release;
		};
/* End XCBuildConfiguration section */

/* Begin XCConfigurationList section */
		OBJ_2 /* Build configuration list for PBXProject "FlutterSwift" */ = {
			isa = XCConfigurationList;
			buildConfigurations = (
				OBJ_3 /* Debug */,
				OBJ_4 /* Release */,
			);
			defaultConfigurationIsVisible = 0;
			defaultConfigurationName = Release;
		};
		OBJ_332 /* Build configuration list for PBXNativeTarget "FlutterSwift" */ = {
			isa = XCConfigurationList;
			buildConfigurations = (
				OBJ_333 /* Debug */,
				OBJ_334 /* Release */,
			);
			defaultConfigurationIsVisible = 0;
			defaultConfigurationName = Release;
		};
		OBJ_381 /* Build configuration list for PBXNativeTarget "FlutterSwiftPackageDescription" */ = {
			isa = XCConfigurationList;
			buildConfigurations = (
				OBJ_382 /* Debug */,
				OBJ_383 /* Release */,
			);
			defaultConfigurationIsVisible = 0;
			defaultConfigurationName = Release;
		};
/* End XCConfigurationList section */

/* Begin XCRemoteSwiftPackageReference section */
		D3E858E62A67332D00AF2147 /* XCRemoteSwiftPackageReference "AsyncExtensions" */ = {
			isa = XCRemoteSwiftPackageReference;
			repositoryURL = "https://github.com/lhoward/AsyncExtensions";
			requirement = {
				branch = linux;
				kind = branch;
			};
		};
		D3E858E92A67336F00AF2147 /* XCRemoteSwiftPackageReference "AnyCodable" */ = {
			isa = XCRemoteSwiftPackageReference;
			repositoryURL = "git@github.com:Flight-School/AnyCodable.git";
			requirement = {
				branch = master;
				kind = branch;
			};
		};
		D3E858EC2A67338200AF2147 /* XCRemoteSwiftPackageReference "swift-async-algorithms" */ = {
			isa = XCRemoteSwiftPackageReference;
			repositoryURL = "git@github.com:apple/swift-async-algorithms.git";
			requirement = {
				branch = main;
				kind = branch;
			};
		};
/* End XCRemoteSwiftPackageReference section */

/* Begin XCSwiftPackageProductDependency section */
		D3E858E72A67332D00AF2147 /* AsyncExtensions */ = {
			isa = XCSwiftPackageProductDependency;
			package = D3E858E62A67332D00AF2147 /* XCRemoteSwiftPackageReference "AsyncExtensions" */;
			productName = AsyncExtensions;
		};
		D3E858EA2A67336F00AF2147 /* AnyCodable */ = {
			isa = XCSwiftPackageProductDependency;
			package = D3E858E92A67336F00AF2147 /* XCRemoteSwiftPackageReference "AnyCodable" */;
			productName = AnyCodable;
		};
		D3E858ED2A67338200AF2147 /* AsyncAlgorithms */ = {
			isa = XCSwiftPackageProductDependency;
			package = D3E858EC2A67338200AF2147 /* XCRemoteSwiftPackageReference "swift-async-algorithms" */;
			productName = AsyncAlgorithms;
		};
/* End XCSwiftPackageProductDependency section */
	};
	rootObject = OBJ_1 /* Project object */;
}
